
Microsoft Visual Studio Solution File, Format Version 12.00
# Visual Studio Version 17
VisualStudioVersion = 17.5.33414.496
MinimumVisualStudioVersion = 10.0.40219.1
Project("{888888A0-9F3D-457C-B088-3A5042F75D52}") = "cv2_2_0508", "cv2_2_0508\cv2_2_0508.pyproj", "{F186207D-BF0D-4A6F-BB3B-DE40687FB2CE}"
EndProject
Global
	GlobalSection(SolutionConfigurationPlatforms) = preSolution
		Debug|Any CPU = Debug|Any CPU
		Release|Any CPU = Release|Any CPU
	EndGlobalSection
	GlobalSection(ProjectConfigurationPlatforms) = postSolution
		{F186207D-BF0D-4A6F-BB3B-DE40687FB2CE}.Debug|Any CPU.ActiveCfg = Debug|Any CPU
		{F186207D-BF0D-4A6F-BB3B-DE40687FB2CE}.Release|Any CPU.ActiveCfg = Release|Any CPU
	EndGlobalSection
	GlobalSection(SolutionProperties) = preSolution
		HideSolutionNode = FALSE
	EndGlobalSection
	GlobalSection(ExtensibilityGlobals) = postSolution
		SolutionGuid = {B8334DEF-176D-48A8-B3B4-A6308B588317}
	EndGlobalSection
EndGlobal
