
Microsoft Visual Studio Solution File, Format Version 12.00
# Visual Studio Version 17
VisualStudioVersion = 17.5.33414.496
MinimumVisualStudioVersion = 10.0.40219.1
Project("{888888A0-9F3D-457C-B088-3A5042F75D52}") = "list_0522", "list_0522\list_0522.pyproj", "{5570ED68-B123-41C9-8601-C438912B7652}"
EndProject
Global
	GlobalSection(SolutionConfigurationPlatforms) = preSolution
		Debug|Any CPU = Debug|Any CPU
		Release|Any CPU = Release|Any CPU
	EndGlobalSection
	GlobalSection(ProjectConfigurationPlatforms) = postSolution
		{5570ED68-B123-41C9-8601-C438912B7652}.Debug|Any CPU.ActiveCfg = Debug|Any CPU
		{5570ED68-B123-41C9-8601-C438912B7652}.Release|Any CPU.ActiveCfg = Release|Any CPU
	EndGlobalSection
	GlobalSection(SolutionProperties) = preSolution
		HideSolutionNode = FALSE
	EndGlobalSection
	GlobalSection(ExtensibilityGlobals) = postSolution
		SolutionGuid = {5838F545-1E3B-410F-BCAD-B76FCA4949DD}
	EndGlobalSection
EndGlobal
